// !$*UTF8*$!
{
	archiveVersion = 1;
	classes = {
	};
	objectVersion = 46;
	objects = {

/* Begin PBXBuildFile section */
		4BBC0AA21B65483F00C18CB7 /* AppDelegate.swift in Sources */ = {isa = PBXBuildFile; fileRef = 4BBC0AA11B65483F00C18CB7 /* AppDelegate.swift */; };
		4BBC0AA41B65483F00C18CB7 /* SearchVC.swift in Sources */ = {isa = PBXBuildFile; fileRef = 4BBC0AA31B65483F00C18CB7 /* SearchVC.swift */; };
		4BBC0AA71B65483F00C18CB7 /* Main.storyboard in Resources */ = {isa = PBXBuildFile; fileRef = 4BBC0AA51B65483F00C18CB7 /* Main.storyboard */; };
		4BBC0AA91B65483F00C18CB7 /* Images.xcassets in Resources */ = {isa = PBXBuildFile; fileRef = 4BBC0AA81B65483F00C18CB7 /* Images.xcassets */; };
		4BBC0AAC1B65483F00C18CB7 /* LaunchScreen.xib in Resources */ = {isa = PBXBuildFile; fileRef = 4BBC0AAA1B65483F00C18CB7 /* LaunchScreen.xib */; };
		4BBC0AB81B65483F00C18CB7 /* FSPlacesTests.swift in Sources */ = {isa = PBXBuildFile; fileRef = 4BBC0AB71B65483F00C18CB7 /* FSPlacesTests.swift */; };
		4BBC0AC41B654B0400C18CB7 /* Credentials.swift in Sources */ = {isa = PBXBuildFile; fileRef = 4BBC0AC31B654B0400C18CB7 /* Credentials.swift */; };
		4BBC0AC91B654D9800C18CB7 /* Venue.swift in Sources */ = {isa = PBXBuildFile; fileRef = 4BBC0AC81B654D9800C18CB7 /* Venue.swift */; };
		4BDF686C1B65690200DAED51 /* VenueDetailVC.swift in Sources */ = {isa = PBXBuildFile; fileRef = 4BDF686B1B65690200DAED51 /* VenueDetailVC.swift */; };
		4BDF686E1B65691500DAED51 /* Retriever.swift in Sources */ = {isa = PBXBuildFile; fileRef = 4BDF686D1B65691500DAED51 /* Retriever.swift */; };
/* End PBXBuildFile section */

/* Begin PBXContainerItemProxy section */
		4BBC0AB21B65483F00C18CB7 /* PBXContainerItemProxy */ = {
			isa = PBXContainerItemProxy;
			containerPortal = 4BBC0A941B65483F00C18CB7 /* Project object */;
			proxyType = 1;
			remoteGlobalIDString = 4BBC0A9B1B65483F00C18CB7;
			remoteInfo = FSPlaces;
		};
/* End PBXContainerItemProxy section */

/* Begin PBXFileReference section */
		4BBC0A9C1B65483F00C18CB7 /* FSPlaces.app */ = {isa = PBXFileReference; explicitFileType = wrapper.application; includeInIndex = 0; path = FSPlaces.app; sourceTree = BUILT_PRODUCTS_DIR; };
		4BBC0AA01B65483F00C18CB7 /* Info.plist */ = {isa = PBXFileReference; lastKnownFileType = text.plist.xml; path = Info.plist; sourceTree = "<group>"; };
		4BBC0AA11B65483F00C18CB7 /* AppDelegate.swift */ = {isa = PBXFileReference; lastKnownFileType = sourcecode.swift; path = AppDelegate.swift; sourceTree = "<group>"; };
		4BBC0AA31B65483F00C18CB7 /* SearchVC.swift */ = {isa = PBXFileReference; lastKnownFileType = sourcecode.swift; path = SearchVC.swift; sourceTree = "<group>"; };
		4BBC0AA61B65483F00C18CB7 /* Base */ = {isa = PBXFileReference; lastKnownFileType = file.storyboard; name = Base; path = Base.lproj/Main.storyboard; sourceTree = "<group>"; };
		4BBC0AA81B65483F00C18CB7 /* Images.xcassets */ = {isa = PBXFileReference; lastKnownFileType = folder.assetcatalog; path = Images.xcassets; sourceTree = "<group>"; };
		4BBC0AAB1B65483F00C18CB7 /* Base */ = {isa = PBXFileReference; lastKnownFileType = file.xib; name = Base; path = Base.lproj/LaunchScreen.xib; sourceTree = "<group>"; };
		4BBC0AB11B65483F00C18CB7 /* FSPlacesTests.xctest */ = {isa = PBXFileReference; explicitFileType = wrapper.cfbundle; includeInIndex = 0; path = FSPlacesTests.xctest; sourceTree = BUILT_PRODUCTS_DIR; };
		4BBC0AB61B65483F00C18CB7 /* Info.plist */ = {isa = PBXFileReference; lastKnownFileType = text.plist.xml; path = Info.plist; sourceTree = "<group>"; };
		4BBC0AB71B65483F00C18CB7 /* FSPlacesTests.swift */ = {isa = PBXFileReference; lastKnownFileType = sourcecode.swift; path = FSPlacesTests.swift; sourceTree = "<group>"; };
		4BBC0AC31B654B0400C18CB7 /* Credentials.swift */ = {isa = PBXFileReference; fileEncoding = 4; lastKnownFileType = sourcecode.swift; path = Credentials.swift; sourceTree = "<group>"; };
		4BBC0AC81B654D9800C18CB7 /* Venue.swift */ = {isa = PBXFileReference; fileEncoding = 4; lastKnownFileType = sourcecode.swift; path = Venue.swift; sourceTree = "<group>"; };
		4BDF686B1B65690200DAED51 /* VenueDetailVC.swift */ = {isa = PBXFileReference; fileEncoding = 4; lastKnownFileType = sourcecode.swift; path = VenueDetailVC.swift; sourceTree = "<group>"; };
		4BDF686D1B65691500DAED51 /* Retriever.swift */ = {isa = PBXFileReference; fileEncoding = 4; lastKnownFileType = sourcecode.swift; path = Retriever.swift; sourceTree = "<group>"; };
/* End PBXFileReference section */

/* Begin PBXFrameworksBuildPhase section */
		4BBC0A991B65483F00C18CB7 /* Frameworks */ = {
			isa = PBXFrameworksBuildPhase;
			buildActionMask = 2147483647;
			files = (
			);
			runOnlyForDeploymentPostprocessing = 0;
		};
		4BBC0AAE1B65483F00C18CB7 /* Frameworks */ = {
			isa = PBXFrameworksBuildPhase;
			buildActionMask = 2147483647;
			files = (
			);
			runOnlyForDeploymentPostprocessing = 0;
		};
/* End PBXFrameworksBuildPhase section */

/* Begin PBXGroup section */
		4BBC0A931B65483F00C18CB7 = {
			isa = PBXGroup;
			children = (
				4BBC0A9E1B65483F00C18CB7 /* FSPlaces */,
				4BBC0AB41B65483F00C18CB7 /* FSPlacesTests */,
				4BBC0A9D1B65483F00C18CB7 /* Products */,
			);
			sourceTree = "<group>";
		};
		4BBC0A9D1B65483F00C18CB7 /* Products */ = {
			isa = PBXGroup;
			children = (
				4BBC0A9C1B65483F00C18CB7 /* FSPlaces.app */,
				4BBC0AB11B65483F00C18CB7 /* FSPlacesTests.xctest */,
			);
			name = Products;
			sourceTree = "<group>";
		};
		4BBC0A9E1B65483F00C18CB7 /* FSPlaces */ = {
			isa = PBXGroup;
			children = (
				4BBC0AA11B65483F00C18CB7 /* AppDelegate.swift */,
				4BBC0AC51B654C0F00C18CB7 /* Model */,
				4BBC0AC61B654C1E00C18CB7 /* View */,
				4BBC0AC71B654C2800C18CB7 /* Controller */,
				4BBC0AA81B65483F00C18CB7 /* Images.xcassets */,
				4BBC0AAA1B65483F00C18CB7 /* LaunchScreen.xib */,
				4BBC0A9F1B65483F00C18CB7 /* Supporting Files */,
			);
			path = FSPlaces;
			sourceTree = "<group>";
		};
		4BBC0A9F1B65483F00C18CB7 /* Supporting Files */ = {
			isa = PBXGroup;
			children = (
				4BBC0AA01B65483F00C18CB7 /* Info.plist */,
			);
			name = "Supporting Files";
			sourceTree = "<group>";
		};
		4BBC0AB41B65483F00C18CB7 /* FSPlacesTests */ = {
			isa = PBXGroup;
			children = (
				4BBC0AB71B65483F00C18CB7 /* FSPlacesTests.swift */,
				4BBC0AB51B65483F00C18CB7 /* Supporting Files */,
			);
			path = FSPlacesTests;
			sourceTree = "<group>";
		};
		4BBC0AB51B65483F00C18CB7 /* Supporting Files */ = {
			isa = PBXGroup;
			children = (
				4BBC0AB61B65483F00C18CB7 /* Info.plist */,
			);
			name = "Supporting Files";
			sourceTree = "<group>";
		};
		4BBC0AC51B654C0F00C18CB7 /* Model */ = {
			isa = PBXGroup;
			children = (
				4BBC0AC31B654B0400C18CB7 /* Credentials.swift */,
				4BBC0AC81B654D9800C18CB7 /* Venue.swift */,
			);
			name = Model;
			sourceTree = "<group>";
		};
		4BBC0AC61B654C1E00C18CB7 /* View */ = {
			isa = PBXGroup;
			children = (
				4BBC0AA51B65483F00C18CB7 /* Main.storyboard */,
			);
			name = View;
			sourceTree = "<group>";
		};
		4BBC0AC71B654C2800C18CB7 /* Controller */ = {
			isa = PBXGroup;
			children = (
				4BBC0AA31B65483F00C18CB7 /* SearchVC.swift */,
				4BDF686B1B65690200DAED51 /* VenueDetailVC.swift */,
				4BDF686D1B65691500DAED51 /* Retriever.swift */,
			);
			name = Controller;
			sourceTree = "<group>";
		};
/* End PBXGroup section */

/* Begin PBXNativeTarget section */
		4BBC0A9B1B65483F00C18CB7 /* FSPlaces */ = {
			isa = PBXNativeTarget;
			buildConfigurationList = 4BBC0ABB1B65483F00C18CB7 /* Build configuration list for PBXNativeTarget "FSPlaces" */;
			buildPhases = (
				4BBC0A981B65483F00C18CB7 /* Sources */,
				4BBC0A991B65483F00C18CB7 /* Frameworks */,
				4BBC0A9A1B65483F00C18CB7 /* Resources */,
			);
			buildRules = (
			);
			dependencies = (
			);
			name = FSPlaces;
			productName = FSPlaces;
			productReference = 4BBC0A9C1B65483F00C18CB7 /* FSPlaces.app */;
			productType = "com.apple.product-type.application";
		};
		4BBC0AB01B65483F00C18CB7 /* FSPlacesTests */ = {
			isa = PBXNativeTarget;
			buildConfigurationList = 4BBC0ABE1B65483F00C18CB7 /* Build configuration list for PBXNativeTarget "FSPlacesTests" */;
			buildPhases = (
				4BBC0AAD1B65483F00C18CB7 /* Sources */,
				4BBC0AAE1B65483F00C18CB7 /* Frameworks */,
				4BBC0AAF1B65483F00C18CB7 /* Resources */,
			);
			buildRules = (
			);
			dependencies = (
				4BBC0AB31B65483F00C18CB7 /* PBXTargetDependency */,
			);
			name = FSPlacesTests;
			productName = FSPlacesTests;
			productReference = 4BBC0AB11B65483F00C18CB7 /* FSPlacesTests.xctest */;
			productType = "com.apple.product-type.bundle.unit-test";
		};
/* End PBXNativeTarget section */

/* Begin PBXProject section */
		4BBC0A941B65483F00C18CB7 /* Project object */ = {
			isa = PBXProject;
			attributes = {
				LastUpgradeCheck = 0640;
				ORGANIZATIONNAME = "mohcine ";
				TargetAttributes = {
					4BBC0A9B1B65483F00C18CB7 = {
						CreatedOnToolsVersion = 6.4;
					};
					4BBC0AB01B65483F00C18CB7 = {
						CreatedOnToolsVersion = 6.4;
						TestTargetID = 4BBC0A9B1B65483F00C18CB7;
					};
				};
			};
			buildConfigurationList = 4BBC0A971B65483F00C18CB7 /* Build configuration list for PBXProject "FSPlaces" */;
			compatibilityVersion = "Xcode 3.2";
			developmentRegion = English;
			hasScannedForEncodings = 0;
			knownRegions = (
				en,
				Base,
			);
			mainGroup = 4BBC0A931B65483F00C18CB7;
			productRefGroup = 4BBC0A9D1B65483F00C18CB7 /* Products */;
			projectDirPath = "";
			projectRoot = "";
			targets = (
				4BBC0A9B1B65483F00C18CB7 /* FSPlaces */,
				4BBC0AB01B65483F00C18CB7 /* FSPlacesTests */,
			);
		};
/* End PBXProject section */

/* Begin PBXResourcesBuildPhase section */
		4BBC0A9A1B65483F00C18CB7 /* Resources */ = {
			isa = PBXResourcesBuildPhase;
			buildActionMask = 2147483647;
			files = (
				4BBC0AA71B65483F00C18CB7 /* Main.storyboard in Resources */,
				4BBC0AAC1B65483F00C18CB7 /* LaunchScreen.xib in Resources */,
				4BBC0AA91B65483F00C18CB7 /* Images.xcassets in Resources */,
			);
			runOnlyForDeploymentPostprocessing = 0;
		};
		4BBC0AAF1B65483F00C18CB7 /* Resources */ = {
			isa = PBXResourcesBuildPhase;
			buildActionMask = 2147483647;
			files = (
			);
			runOnlyForDeploymentPostprocessing = 0;
		};
/* End PBXResourcesBuildPhase section */

/* Begin PBXSourcesBuildPhase section */
		4BBC0A981B65483F00C18CB7 /* Sources */ = {
			isa = PBXSourcesBuildPhase;
			buildActionMask = 2147483647;
			files = (
				4BBC0AC41B654B0400C18CB7 /* Credentials.swift in Sources */,
				4BDF686C1B65690200DAED51 /* VenueDetailVC.swift in Sources */,
				4BDF686E1B65691500DAED51 /* Retriever.swift in Sources */,
				4BBC0AC91B654D9800C18CB7 /* Venue.swift in Sources */,
				4BBC0AA41B65483F00C18CB7 /* SearchVC.swift in Sources */,
				4BBC0AA21B65483F00C18CB7 /* AppDelegate.swift in Sources */,
			);
			runOnlyForDeploymentPostprocessing = 0;
		};
		4BBC0AAD1B65483F00C18CB7 /* Sources */ = {
			isa = PBXSourcesBuildPhase;
			buildActionMask = 2147483647;
			files = (
				4BBC0AB81B65483F00C18CB7 /* FSPlacesTests.swift in Sources */,
			);
			runOnlyForDeploymentPostprocessing = 0;
		};
/* End PBXSourcesBuildPhase section */

/* Begin PBXTargetDependency section */
		4BBC0AB31B65483F00C18CB7 /* PBXTargetDependency */ = {
			isa = PBXTargetDependency;
			target = 4BBC0A9B1B65483F00C18CB7 /* FSPlaces */;
			targetProxy = 4BBC0AB21B65483F00C18CB7 /* PBXContainerItemProxy */;
		};
/* End PBXTargetDependency section */

/* Begin PBXVariantGroup section */
		4BBC0AA51B65483F00C18CB7 /* Main.storyboard */ = {
			isa = PBXVariantGroup;
			children = (
				4BBC0AA61B65483F00C18CB7 /* Base */,
			);
			name = Main.storyboard;
			sourceTree = "<group>";
		};
		4BBC0AAA1B65483F00C18CB7 /* LaunchScreen.xib */ = {
			isa = PBXVariantGroup;
			children = (
				4BBC0AAB1B65483F00C18CB7 /* Base */,
			);
			name = LaunchScreen.xib;
			sourceTree = "<group>";
		};
/* End PBXVariantGroup section */

/* Begin XCBuildConfiguration section */
		4BBC0AB91B65483F00C18CB7 /* Debug */ = {
			isa = XCBuildConfiguration;
			buildSettings = {
				ALWAYS_SEARCH_USER_PATHS = NO;
				CLANG_CXX_LANGUAGE_STANDARD = "gnu++0x";
				CLANG_CXX_LIBRARY = "libc++";
				CLANG_ENABLE_MODULES = YES;
				CLANG_ENABLE_OBJC_ARC = YES;
				CLANG_WARN_BOOL_CONVERSION = YES;
				CLANG_WARN_CONSTANT_CONVERSION = YES;
				CLANG_WARN_DIRECT_OBJC_ISA_USAGE = YES_ERROR;
				CLANG_WARN_EMPTY_BODY = YES;
				CLANG_WARN_ENUM_CONVERSION = YES;
				CLANG_WARN_INT_CONVERSION = YES;
				CLANG_WARN_OBJC_ROOT_CLASS = YES_ERROR;
				CLANG_WARN_UNREACHABLE_CODE = YES;
				CLANG_WARN__DUPLICATE_METHOD_MATCH = YES;
				"CODE_SIGN_IDENTITY[sdk=iphoneos*]" = "iPhone Developer";
				COPY_PHASE_STRIP = NO;
				DEBUG_INFORMATION_FORMAT = "dwarf-with-dsym";
				ENABLE_STRICT_OBJC_MSGSEND = YES;
				GCC_C_LANGUAGE_STANDARD = gnu99;
				GCC_DYNAMIC_NO_PIC = NO;
				GCC_NO_COMMON_BLOCKS = YES;
				GCC_OPTIMIZATION_LEVEL = 0;
				GCC_PREPROCESSOR_DEFINITIONS = (
					"DEBUG=1",
					"$(inherited)",
				);
				GCC_SYMBOLS_PRIVATE_EXTERN = NO;
				GCC_WARN_64_TO_32_BIT_CONVERSION = YES;
				GCC_WARN_ABOUT_RETURN_TYPE = YES_ERROR;
				GCC_WARN_UNDECLARED_SELECTOR = YES;
				GCC_WARN_UNINITIALIZED_AUTOS = YES_AGGRESSIVE;
				GCC_WARN_UNUSED_FUNCTION = YES;
				GCC_WARN_UNUSED_VARIABLE = YES;
				IPHONEOS_DEPLOYMENT_TARGET = 8.4;
				MTL_ENABLE_DEBUG_INFO = YES;
				ONLY_ACTIVE_ARCH = YES;
				SDKROOT = iphoneos;
				SWIFT_OPTIMIZATION_LEVEL = "-Onone";
			};
			name = Debug;
		};
		4BBC0ABA1B65483F00C18CB7 /* Release */ = {
			isa = XCBuildConfiguration;
			buildSettings = {
				ALWAYS_SEARCH_USER_PATHS = NO;
				CLANG_CXX_LANGUAGE_STANDARD = "gnu++0x";
				CLANG_CXX_LIBRARY = "libc++";
				CLANG_ENABLE_MODULES = YES;
				CLANG_ENABLE_OBJC_ARC = YES;
				CLANG_WARN_BOOL_CONVERSION = YES;
				CLANG_WARN_CONSTANT_CONVERSION = YES;
				CLANG_WARN_DIRECT_OBJC_ISA_USAGE = YES_ERROR;
				CLANG_WARN_EMPTY_BODY = YES;
				CLANG_WARN_ENUM_CONVERSION = YES;
				CLANG_WARN_INT_CONVERSION = YES;
				CLANG_WARN_OBJC_ROOT_CLASS = YES_ERROR;
				CLANG_WARN_UNREACHABLE_CODE = YES;
				CLANG_WARN__DUPLICATE_METHOD_MATCH = YES;
				"CODE_SIGN_IDENTITY[sdk=iphoneos*]" = "iPhone Developer";
				COPY_PHASE_STRIP = NO;
				DEBUG_INFORMATION_FORMAT = "dwarf-with-dsym";
				ENABLE_NS_ASSERTIONS = NO;
				ENABLE_STRICT_OBJC_MSGSEND = YES;
				GCC_C_LANGUAGE_STANDARD = gnu99;
				GCC_NO_COMMON_BLOCKS = YES;
				GCC_WARN_64_TO_32_BIT_CONVERSION = YES;
				GCC_WARN_ABOUT_RETURN_TYPE = YES_ERROR;
				GCC_WARN_UNDECLARED_SELECTOR = YES;
				GCC_WARN_UNINITIALIZED_AUTOS = YES_AGGRESSIVE;
				GCC_WARN_UNUSED_FUNCTION = YES;
				GCC_WARN_UNUSED_VARIABLE = YES;
				IPHONEOS_DEPLOYMENT_TARGET = 8.4;
				MTL_ENABLE_DEBUG_INFO = NO;
				SDKROOT = iphoneos;
				VALIDATE_PRODUCT = YES;
			};
			name = Release;
		};
		4BBC0ABC1B65483F00C18CB7 /* Debug */ = {
			isa = XCBuildConfiguration;
			buildSettings = {
				ASSETCATALOG_COMPILER_APPICON_NAME = AppIcon;
				ASSETCATALOG_COMPILER_LAUNCHIMAGE_NAME = LaunchImage;
				INFOPLIST_FILE = FSPlaces/Info.plist;
				IPHONEOS_DEPLOYMENT_TARGET = 7.0;
				LD_RUNPATH_SEARCH_PATHS = "$(inherited) @executable_path/Frameworks";
				PRODUCT_NAME = "$(TARGET_NAME)";
			};
			name = Debug;
		};
		4BBC0ABD1B65483F00C18CB7 /* Release */ = {
			isa = XCBuildConfiguration;
			buildSettings = {
				ASSETCATALOG_COMPILER_APPICON_NAME = AppIcon;
				ASSETCATALOG_COMPILER_LAUNCHIMAGE_NAME = LaunchImage;
				INFOPLIST_FILE = FSPlaces/Info.plist;
				IPHONEOS_DEPLOYMENT_TARGET = 7.0;
				LD_RUNPATH_SEARCH_PATHS = "$(inherited) @executable_path/Frameworks";
				PRODUCT_NAME = "$(TARGET_NAME)";
			};
			name = Release;
		};
		4BBC0ABF1B65483F00C18CB7 /* Debug */ = {
			isa = XCBuildConfiguration;
			buildSettings = {
				BUNDLE_LOADER = "$(TEST_HOST)";
				FRAMEWORK_SEARCH_PATHS = (
					"$(SDKROOT)/Developer/Library/Frameworks",
					"$(inherited)",
				);
				GCC_PREPROCESSOR_DEFINITIONS = (
					"DEBUG=1",
					"$(inherited)",
				);
				INFOPLIST_FILE = FSPlacesTests/Info.plist;
				LD_RUNPATH_SEARCH_PATHS = "$(inherited) @executable_path/Frameworks @loader_path/Frameworks";
				PRODUCT_NAME = "$(TARGET_NAME)";
				TEST_HOST = "$(BUILT_PRODUCTS_DIR)/FSPlaces.app/FSPlaces";
			};
			name = Debug;
		};
		4BBC0AC01B65483F00C18CB7 /* Release */ = {
			isa = XCBuildConfiguration;
			buildSettings = {
				BUNDLE_LOADER = "$(TEST_HOST)";
				FRAMEWORK_SEARCH_PATHS = (
					"$(SDKROOT)/Developer/Library/Frameworks",
					"$(inherited)",
				);
				INFOPLIST_FILE = FSPlacesTests/Info.plist;
				LD_RUNPATH_SEARCH_PATHS = "$(inherited) @executable_path/Frameworks @loader_path/Frameworks";
				PRODUCT_NAME = "$(TARGET_NAME)";
				TEST_HOST = "$(BUILT_PRODUCTS_DIR)/FSPlaces.app/FSPlaces";
			};
			name = Release;
		};
/* End XCBuildConfiguration section */

/* Begin XCConfigurationList section */
		4BBC0A971B65483F00C18CB7 /* Build configuration list for PBXProject "FSPlaces" */ = {
			isa = XCConfigurationList;
			buildConfigurations = (
				4BBC0AB91B65483F00C18CB7 /* Debug */,
				4BBC0ABA1B65483F00C18CB7 /* Release */,
			);
			defaultConfigurationIsVisible = 0;
			defaultConfigurationName = Release;
		};
		4BBC0ABB1B65483F00C18CB7 /* Build configuration list for PBXNativeTarget "FSPlaces" */ = {
			isa = XCConfigurationList;
			buildConfigurations = (
				4BBC0ABC1B65483F00C18CB7 /* Debug */,
				4BBC0ABD1B65483F00C18CB7 /* Release */,
			);
			defaultConfigurationIsVisible = 0;
			defaultConfigurationName = Release;
		};
		4BBC0ABE1B65483F00C18CB7 /* Build configuration list for PBXNativeTarget "FSPlacesTests" */ = {
			isa = XCConfigurationList;
			buildConfigurations = (
				4BBC0ABF1B65483F00C18CB7 /* Debug */,
				4BBC0AC01B65483F00C18CB7 /* Release */,
			);
			defaultConfigurationIsVisible = 0;
			defaultConfigurationName = Release;
		};
/* End XCConfigurationList section */
	};
	rootObject = 4BBC0A941B65483F00C18CB7 /* Project object */;
}
